
Microsoft Visual Studio Solution File, Format Version 12.00
# Visual Studio Version 16
VisualStudioVersion = 16.0.31129.286
MinimumVisualStudioVersion = 10.0.40219.1
Project("{FAE04EC0-301F-11D3-BF4B-00C04F79EFBC}") = "Multithreading-CSharp", "Multithreading-CSharp\Multithreading-CSharp.csproj", "{03FE0B2E-E7C0-4145-A5A9-CFE7BABCA058}"
EndProject
Project("{FAE04EC0-301F-11D3-BF4B-00C04F79EFBC}") = "SynchronizationUsingLock", "SynchronizationUsingLock\SynchronizationUsingLock.csproj", "{EE9E71C1-CAF5-47B2-8AE2-9D87F2360B76}"
EndProject
Project("{FAE04EC0-301F-11D3-BF4B-00C04F79EFBC}") = "SyncUsingMonitor", "SyncUsingMonitor\SyncUsingMonitor.csproj", "{C61F3203-ED2D-45CD-AF28-F6E0D57F3504}"
EndProject
Global
	GlobalSection(SolutionConfigurationPlatforms) = preSolution
		Debug|Any CPU = Debug|Any CPU
		Release|Any CPU = Release|Any CPU
	EndGlobalSection
	GlobalSection(ProjectConfigurationPlatforms) = postSolution
		{03FE0B2E-E7C0-4145-A5A9-CFE7BABCA058}.Debug|Any CPU.ActiveCfg = Debug|Any CPU
		{03FE0B2E-E7C0-4145-A5A9-CFE7BABCA058}.Debug|Any CPU.Build.0 = Debug|Any CPU
		{03FE0B2E-E7C0-4145-A5A9-CFE7BABCA058}.Release|Any CPU.ActiveCfg = Release|Any CPU
		{03FE0B2E-E7C0-4145-A5A9-CFE7BABCA058}.Release|Any CPU.Build.0 = Release|Any CPU
		{EE9E71C1-CAF5-47B2-8AE2-9D87F2360B76}.Debug|Any CPU.ActiveCfg = Debug|Any CPU
		{EE9E71C1-CAF5-47B2-8AE2-9D87F2360B76}.Debug|Any CPU.Build.0 = Debug|Any CPU
		{EE9E71C1-CAF5-47B2-8AE2-9D87F2360B76}.Release|Any CPU.ActiveCfg = Release|Any CPU
		{EE9E71C1-CAF5-47B2-8AE2-9D87F2360B76}.Release|Any CPU.Build.0 = Release|Any CPU
		{C61F3203-ED2D-45CD-AF28-F6E0D57F3504}.Debug|Any CPU.ActiveCfg = Debug|Any CPU
		{C61F3203-ED2D-45CD-AF28-F6E0D57F3504}.Debug|Any CPU.Build.0 = Debug|Any CPU
		{C61F3203-ED2D-45CD-AF28-F6E0D57F3504}.Release|Any CPU.ActiveCfg = Release|Any CPU
		{C61F3203-ED2D-45CD-AF28-F6E0D57F3504}.Release|Any CPU.Build.0 = Release|Any CPU
	EndGlobalSection
	GlobalSection(SolutionProperties) = preSolution
		HideSolutionNode = FALSE
	EndGlobalSection
	GlobalSection(ExtensibilityGlobals) = postSolution
		SolutionGuid = {6B8A3D95-3FE3-4CDC-9D42-FB3300DA0191}
	EndGlobalSection
EndGlobal
